// !$*UTF8*$!
{
	archiveVersion = 1;
	classes = {
	};
	objectVersion = 50;
	objects = {

/* Begin PBXBuildFile section */
		458CC2058A975BE66E3ADF08 /* Pods_MaxRep.framework in Frameworks */ = {isa = PBXBuildFile; fileRef = 2B2720A6ABF877ADB26D2A48 /* Pods_MaxRep.framework */; };
		7C15775620D0B6BA00311B38 /* AppDelegate.swift in Sources */ = {isa = PBXBuildFile; fileRef = 7C15775520D0B6BA00311B38 /* AppDelegate.swift */; };
		7C15775820D0B6BA00311B38 /* ViewController.swift in Sources */ = {isa = PBXBuildFile; fileRef = 7C15775720D0B6BA00311B38 /* ViewController.swift */; };
		7C15775B20D0B6BA00311B38 /* Main.storyboard in Resources */ = {isa = PBXBuildFile; fileRef = 7C15775920D0B6BA00311B38 /* Main.storyboard */; };
		7C15775D20D0B6BD00311B38 /* Assets.xcassets in Resources */ = {isa = PBXBuildFile; fileRef = 7C15775C20D0B6BD00311B38 /* Assets.xcassets */; };
		7C15776020D0B6BD00311B38 /* LaunchScreen.storyboard in Resources */ = {isa = PBXBuildFile; fileRef = 7C15775E20D0B6BD00311B38 /* LaunchScreen.storyboard */; };
		7C15776820D0BA6200311B38 /* GoogleService-Info.plist in Resources */ = {isa = PBXBuildFile; fileRef = 7C15776720D0BA6200311B38 /* GoogleService-Info.plist */; };
/* End PBXBuildFile section */

/* Begin PBXFileReference section */
		2B2720A6ABF877ADB26D2A48 /* Pods_MaxRep.framework */ = {isa = PBXFileReference; explicitFileType = wrapper.framework; includeInIndex = 0; path = Pods_MaxRep.framework; sourceTree = BUILT_PRODUCTS_DIR; };
		7C15775220D0B6BA00311B38 /* MaxRep.app */ = {isa = PBXFileReference; explicitFileType = wrapper.application; includeInIndex = 0; path = MaxRep.app; sourceTree = BUILT_PRODUCTS_DIR; };
		7C15775520D0B6BA00311B38 /* AppDelegate.swift */ = {isa = PBXFileReference; lastKnownFileType = sourcecode.swift; path = AppDelegate.swift; sourceTree = "<group>"; };
		7C15775720D0B6BA00311B38 /* ViewController.swift */ = {isa = PBXFileReference; lastKnownFileType = sourcecode.swift; path = ViewController.swift; sourceTree = "<group>"; };
		7C15775A20D0B6BA00311B38 /* Base */ = {isa = PBXFileReference; lastKnownFileType = file.storyboard; name = Base; path = Base.lproj/Main.storyboard; sourceTree = "<group>"; };
		7C15775C20D0B6BD00311B38 /* Assets.xcassets */ = {isa = PBXFileReference; lastKnownFileType = folder.assetcatalog; path = Assets.xcassets; sourceTree = "<group>"; };
		7C15775F20D0B6BD00311B38 /* Base */ = {isa = PBXFileReference; lastKnownFileType = file.storyboard; name = Base; path = Base.lproj/LaunchScreen.storyboard; sourceTree = "<group>"; };
		7C15776120D0B6BD00311B38 /* Info.plist */ = {isa = PBXFileReference; lastKnownFileType = text.plist.xml; path = Info.plist; sourceTree = "<group>"; };
		7C15776720D0BA6200311B38 /* GoogleService-Info.plist */ = {isa = PBXFileReference; fileEncoding = 4; lastKnownFileType = text.plist.xml; path = "GoogleService-Info.plist"; sourceTree = "<group>"; };
		D90B14B1B509EF63E831BE03 /* Pods-MaxRep.debug.xcconfig */ = {isa = PBXFileReference; includeInIndex = 1; lastKnownFileType = text.xcconfig; name = "Pods-MaxRep.debug.xcconfig"; path = "Pods/Target Support Files/Pods-MaxRep/Pods-MaxRep.debug.xcconfig"; sourceTree = "<group>"; };
		E827C8AA295297ACBCC45148 /* Pods-MaxRep.release.xcconfig */ = {isa = PBXFileReference; includeInIndex = 1; lastKnownFileType = text.xcconfig; name = "Pods-MaxRep.release.xcconfig"; path = "Pods/Target Support Files/Pods-MaxRep/Pods-MaxRep.release.xcconfig"; sourceTree = "<group>"; };
/* End PBXFileReference section */

/* Begin PBXFrameworksBuildPhase section */
		7C15774F20D0B6BA00311B38 /* Frameworks */ = {
			isa = PBXFrameworksBuildPhase;
			buildActionMask = 2147483647;
			files = (
				458CC2058A975BE66E3ADF08 /* Pods_MaxRep.framework in Frameworks */,
			);
			runOnlyForDeploymentPostprocessing = 0;
		};
/* End PBXFrameworksBuildPhase section */

/* Begin PBXGroup section */
		7C15774920D0B6BA00311B38 = {
			isa = PBXGroup;
			children = (
				7C15775420D0B6BA00311B38 /* MaxRep */,
				7C15775320D0B6BA00311B38 /* Products */,
				CE9497BE6825D99B49DC905C /* Pods */,
				F4F1B5B30789B87EC742028F /* Frameworks */,
			);
			sourceTree = "<group>";
		};
		7C15775320D0B6BA00311B38 /* Products */ = {
			isa = PBXGroup;
			children = (
				7C15775220D0B6BA00311B38 /* MaxRep.app */,
			);
			name = Products;
			sourceTree = "<group>";
		};
		7C15775420D0B6BA00311B38 /* MaxRep */ = {
			isa = PBXGroup;
			children = (
				7C15775520D0B6BA00311B38 /* AppDelegate.swift */,
				7C15775720D0B6BA00311B38 /* ViewController.swift */,
				7C15775920D0B6BA00311B38 /* Main.storyboard */,
				7C15776720D0BA6200311B38 /* GoogleService-Info.plist */,
				7C15775C20D0B6BD00311B38 /* Assets.xcassets */,
				7C15775E20D0B6BD00311B38 /* LaunchScreen.storyboard */,
				7C15776120D0B6BD00311B38 /* Info.plist */,
			);
			path = MaxRep;
			sourceTree = "<group>";
		};
		CE9497BE6825D99B49DC905C /* Pods */ = {
			isa = PBXGroup;
			children = (
				D90B14B1B509EF63E831BE03 /* Pods-MaxRep.debug.xcconfig */,
				E827C8AA295297ACBCC45148 /* Pods-MaxRep.release.xcconfig */,
			);
			name = Pods;
			sourceTree = "<group>";
		};
		F4F1B5B30789B87EC742028F /* Frameworks */ = {
			isa = PBXGroup;
			children = (
				2B2720A6ABF877ADB26D2A48 /* Pods_MaxRep.framework */,
			);
			name = Frameworks;
			sourceTree = "<group>";
		};
/* End PBXGroup section */

/* Begin PBXNativeTarget section */
		7C15775120D0B6BA00311B38 /* MaxRep */ = {
			isa = PBXNativeTarget;
			buildConfigurationList = 7C15776420D0B6BD00311B38 /* Build configuration list for PBXNativeTarget "MaxRep" */;
			buildPhases = (
				7A7350D9415DCDFC84CB33DF /* [CP] Check Pods Manifest.lock */,
				7C15774E20D0B6BA00311B38 /* Sources */,
				7C15774F20D0B6BA00311B38 /* Frameworks */,
				7C15775020D0B6BA00311B38 /* Resources */,
				27823F42DB84905590EA5333 /* [CP] Embed Pods Frameworks */,
			);
			buildRules = (
			);
			dependencies = (
			);
			name = MaxRep;
			productName = MaxRep;
			productReference = 7C15775220D0B6BA00311B38 /* MaxRep.app */;
			productType = "com.apple.product-type.application";
		};
/* End PBXNativeTarget section */

/* Begin PBXProject section */
		7C15774A20D0B6BA00311B38 /* Project object */ = {
			isa = PBXProject;
			attributes = {
				LastSwiftUpdateCheck = 0940;
				LastUpgradeCheck = 0940;
				ORGANIZATIONNAME = Siavash;
				TargetAttributes = {
					7C15775120D0B6BA00311B38 = {
						CreatedOnToolsVersion = 9.4;
					};
				};
			};
			buildConfigurationList = 7C15774D20D0B6BA00311B38 /* Build configuration list for PBXProject "MaxRep" */;
			compatibilityVersion = "Xcode 9.3";
			developmentRegion = en;
			hasScannedForEncodings = 0;
			knownRegions = (
				en,
				Base,
			);
			mainGroup = 7C15774920D0B6BA00311B38;
			productRefGroup = 7C15775320D0B6BA00311B38 /* Products */;
			projectDirPath = "";
			projectRoot = "";
			targets = (
				7C15775120D0B6BA00311B38 /* MaxRep */,
			);
		};
/* End PBXProject section */

/* Begin PBXResourcesBuildPhase section */
		7C15775020D0B6BA00311B38 /* Resources */ = {
			isa = PBXResourcesBuildPhase;
			buildActionMask = 2147483647;
			files = (
				7C15776020D0B6BD00311B38 /* LaunchScreen.storyboard in Resources */,
				7C15776820D0BA6200311B38 /* GoogleService-Info.plist in Resources */,
				7C15775D20D0B6BD00311B38 /* Assets.xcassets in Resources */,
				7C15775B20D0B6BA00311B38 /* Main.storyboard in Resources */,
			);
			runOnlyForDeploymentPostprocessing = 0;
		};
/* End PBXResourcesBuildPhase section */

/* Begin PBXShellScriptBuildPhase section */
		27823F42DB84905590EA5333 /* [CP] Embed Pods Frameworks */ = {
			isa = PBXShellScriptBuildPhase;
			buildActionMask = 2147483647;
			files = (
			);
			inputPaths = (
				"${SRCROOT}/Pods/Target Support Files/Pods-MaxRep/Pods-MaxRep-frameworks.sh",
				"${BUILT_PRODUCTS_DIR}/GoogleToolboxForMac/GoogleToolboxForMac.framework",
				"${BUILT_PRODUCTS_DIR}/Realm/Realm.framework",
				"${BUILT_PRODUCTS_DIR}/RealmSwift/RealmSwift.framework",
				"${BUILT_PRODUCTS_DIR}/SnapKit/SnapKit.framework",
				"${BUILT_PRODUCTS_DIR}/SwiftyJSON/SwiftyJSON.framework",
				"${BUILT_PRODUCTS_DIR}/leveldb-library/leveldb.framework",
				"${BUILT_PRODUCTS_DIR}/nanopb/nanopb.framework",
			);
			name = "[CP] Embed Pods Frameworks";
			outputPaths = (
				"${TARGET_BUILD_DIR}/${FRAMEWORKS_FOLDER_PATH}/GoogleToolboxForMac.framework",
				"${TARGET_BUILD_DIR}/${FRAMEWORKS_FOLDER_PATH}/Realm.framework",
				"${TARGET_BUILD_DIR}/${FRAMEWORKS_FOLDER_PATH}/RealmSwift.framework",
				"${TARGET_BUILD_DIR}/${FRAMEWORKS_FOLDER_PATH}/SnapKit.framework",
				"${TARGET_BUILD_DIR}/${FRAMEWORKS_FOLDER_PATH}/SwiftyJSON.framework",
				"${TARGET_BUILD_DIR}/${FRAMEWORKS_FOLDER_PATH}/leveldb.framework",
				"${TARGET_BUILD_DIR}/${FRAMEWORKS_FOLDER_PATH}/nanopb.framework",
			);
			runOnlyForDeploymentPostprocessing = 0;
			shellPath = /bin/sh;
			shellScript = "\"${SRCROOT}/Pods/Target Support Files/Pods-MaxRep/Pods-MaxRep-frameworks.sh\"\n";
			showEnvVarsInLog = 0;
		};
		7A7350D9415DCDFC84CB33DF /* [CP] Check Pods Manifest.lock */ = {
			isa = PBXShellScriptBuildPhase;
			buildActionMask = 2147483647;
			files = (
			);
			inputPaths = (
				"${PODS_PODFILE_DIR_PATH}/Podfile.lock",
				"${PODS_ROOT}/Manifest.lock",
			);
			name = "[CP] Check Pods Manifest.lock";
			outputPaths = (
				"$(DERIVED_FILE_DIR)/Pods-MaxRep-checkManifestLockResult.txt",
			);
			runOnlyForDeploymentPostprocessing = 0;
			shellPath = /bin/sh;
			shellScript = "diff \"${PODS_PODFILE_DIR_PATH}/Podfile.lock\" \"${PODS_ROOT}/Manifest.lock\" > /dev/null\nif [ $? != 0 ] ; then\n    # print error to STDERR\n    echo \"error: The sandbox is not in sync with the Podfile.lock. Run 'pod install' or update your CocoaPods installation.\" >&2\n    exit 1\nfi\n# This output is used by Xcode 'outputs' to avoid re-running this script phase.\necho \"SUCCESS\" > \"${SCRIPT_OUTPUT_FILE_0}\"\n";
			showEnvVarsInLog = 0;
		};
/* End PBXShellScriptBuildPhase section */

/* Begin PBXSourcesBuildPhase section */
		7C15774E20D0B6BA00311B38 /* Sources */ = {
			isa = PBXSourcesBuildPhase;
			buildActionMask = 2147483647;
			files = (
				7C15775820D0B6BA00311B38 /* ViewController.swift in Sources */,
				7C15775620D0B6BA00311B38 /* AppDelegate.swift in Sources */,
			);
			runOnlyForDeploymentPostprocessing = 0;
		};
/* End PBXSourcesBuildPhase section */

/* Begin PBXVariantGroup section */
		7C15775920D0B6BA00311B38 /* Main.storyboard */ = {
			isa = PBXVariantGroup;
			children = (
				7C15775A20D0B6BA00311B38 /* Base */,
			);
			name = Main.storyboard;
			sourceTree = "<group>";
		};
		7C15775E20D0B6BD00311B38 /* LaunchScreen.storyboard */ = {
			isa = PBXVariantGroup;
			children = (
				7C15775F20D0B6BD00311B38 /* Base */,
			);
			name = LaunchScreen.storyboard;
			sourceTree = "<group>";
		};
/* End PBXVariantGroup section */

/* Begin XCBuildConfiguration section */
		7C15776220D0B6BD00311B38 /* Debug */ = {
			isa = XCBuildConfiguration;
			buildSettings = {
				ALWAYS_SEARCH_USER_PATHS = NO;
				CLANG_ANALYZER_NONNULL = YES;
				CLANG_ANALYZER_NUMBER_OBJECT_CONVERSION = YES_AGGRESSIVE;
				CLANG_CXX_LANGUAGE_STANDARD = "gnu++14";
				CLANG_CXX_LIBRARY = "libc++";
				CLANG_ENABLE_MODULES = YES;
				CLANG_ENABLE_OBJC_ARC = YES;
				CLANG_ENABLE_OBJC_WEAK = YES;
				CLANG_WARN_BLOCK_CAPTURE_AUTORELEASING = YES;
				CLANG_WARN_BOOL_CONVERSION = YES;
				CLANG_WARN_COMMA = YES;
				CLANG_WARN_CONSTANT_CONVERSION = YES;
				CLANG_WARN_DEPRECATED_OBJC_IMPLEMENTATIONS = YES;
				CLANG_WARN_DIRECT_OBJC_ISA_USAGE = YES_ERROR;
				CLANG_WARN_DOCUMENTATION_COMMENTS = YES;
				CLANG_WARN_EMPTY_BODY = YES;
				CLANG_WARN_ENUM_CONVERSION = YES;
				CLANG_WARN_INFINITE_RECURSION = YES;
				CLANG_WARN_INT_CONVERSION = YES;
				CLANG_WARN_NON_LITERAL_NULL_CONVERSION = YES;
				CLANG_WARN_OBJC_IMPLICIT_RETAIN_SELF = YES;
				CLANG_WARN_OBJC_LITERAL_CONVERSION = YES;
				CLANG_WARN_OBJC_ROOT_CLASS = YES_ERROR;
				CLANG_WARN_RANGE_LOOP_ANALYSIS = YES;
				CLANG_WARN_STRICT_PROTOTYPES = YES;
				CLANG_WARN_SUSPICIOUS_MOVE = YES;
				CLANG_WARN_UNGUARDED_AVAILABILITY = YES_AGGRESSIVE;
				CLANG_WARN_UNREACHABLE_CODE = YES;
				CLANG_WARN__DUPLICATE_METHOD_MATCH = YES;
				CODE_SIGN_IDENTITY = "iPhone Developer";
				COPY_PHASE_STRIP = NO;
				DEBUG_INFORMATION_FORMAT = dwarf;
				ENABLE_STRICT_OBJC_MSGSEND = YES;
				ENABLE_TESTABILITY = YES;
				GCC_C_LANGUAGE_STANDARD = gnu11;
				GCC_DYNAMIC_NO_PIC = NO;
				GCC_NO_COMMON_BLOCKS = YES;
				GCC_OPTIMIZATION_LEVEL = 0;
				GCC_PREPROCESSOR_DEFINITIONS = (
					"DEBUG=1",
					"$(inherited)",
				);
				GCC_WARN_64_TO_32_BIT_CONVERSION = YES;
				GCC_WARN_ABOUT_RETURN_TYPE = YES_ERROR;
				GCC_WARN_UNDECLARED_SELECTOR = YES;
				GCC_WARN_UNINITIALIZED_AUTOS = YES_AGGRESSIVE;
				GCC_WARN_UNUSED_FUNCTION = YES;
				GCC_WARN_UNUSED_VARIABLE = YES;
				IPHONEOS_DEPLOYMENT_TARGET = 11.4;
				MTL_ENABLE_DEBUG_INFO = YES;
				ONLY_ACTIVE_ARCH = YES;
				SDKROOT = iphoneos;
				SWIFT_ACTIVE_COMPILATION_CONDITIONS = DEBUG;
				SWIFT_OPTIMIZATION_LEVEL = "-Onone";
			};
			name = Debug;
		};
		7C15776320D0B6BD00311B38 /* Release */ = {
			isa = XCBuildConfiguration;
			buildSettings = {
				ALWAYS_SEARCH_USER_PATHS = NO;
				CLANG_ANALYZER_NONNULL = YES;
				CLANG_ANALYZER_NUMBER_OBJECT_CONVERSION = YES_AGGRESSIVE;
				CLANG_CXX_LANGUAGE_STANDARD = "gnu++14";
				CLANG_CXX_LIBRARY = "libc++";
				CLANG_ENABLE_MODULES = YES;
				CLANG_ENABLE_OBJC_ARC = YES;
				CLANG_ENABLE_OBJC_WEAK = YES;
				CLANG_WARN_BLOCK_CAPTURE_AUTORELEASING = YES;
				CLANG_WARN_BOOL_CONVERSION = YES;
				CLANG_WARN_COMMA = YES;
				CLANG_WARN_CONSTANT_CONVERSION = YES;
				CLANG_WARN_DEPRECATED_OBJC_IMPLEMENTATIONS = YES;
				CLANG_WARN_DIRECT_OBJC_ISA_USAGE = YES_ERROR;
				CLANG_WARN_DOCUMENTATION_COMMENTS = YES;
				CLANG_WARN_EMPTY_BODY = YES;
				CLANG_WARN_ENUM_CONVERSION = YES;
				CLANG_WARN_INFINITE_RECURSION = YES;
				CLANG_WARN_INT_CONVERSION = YES;
				CLANG_WARN_NON_LITERAL_NULL_CONVERSION = YES;
				CLANG_WARN_OBJC_IMPLICIT_RETAIN_SELF = YES;
				CLANG_WARN_OBJC_LITERAL_CONVERSION = YES;
				CLANG_WARN_OBJC_ROOT_CLASS = YES_ERROR;
				CLANG_WARN_RANGE_LOOP_ANALYSIS = YES;
				CLANG_WARN_STRICT_PROTOTYPES = YES;
				CLANG_WARN_SUSPICIOUS_MOVE = YES;
				CLANG_WARN_UNGUARDED_AVAILABILITY = YES_AGGRESSIVE;
				CLANG_WARN_UNREACHABLE_CODE = YES;
				CLANG_WARN__DUPLICATE_METHOD_MATCH = YES;
				CODE_SIGN_IDENTITY = "iPhone Developer";
				COPY_PHASE_STRIP = NO;
				DEBUG_INFORMATION_FORMAT = "dwarf-with-dsym";
				ENABLE_NS_ASSERTIONS = NO;
				ENABLE_STRICT_OBJC_MSGSEND = YES;
				GCC_C_LANGUAGE_STANDARD = gnu11;
				GCC_NO_COMMON_BLOCKS = YES;
				GCC_WARN_64_TO_32_BIT_CONVERSION = YES;
				GCC_WARN_ABOUT_RETURN_TYPE = YES_ERROR;
				GCC_WARN_UNDECLARED_SELECTOR = YES;
				GCC_WARN_UNINITIALIZED_AUTOS = YES_AGGRESSIVE;
				GCC_WARN_UNUSED_FUNCTION = YES;
				GCC_WARN_UNUSED_VARIABLE = YES;
				IPHONEOS_DEPLOYMENT_TARGET = 11.4;
				MTL_ENABLE_DEBUG_INFO = NO;
				SDKROOT = iphoneos;
				SWIFT_COMPILATION_MODE = wholemodule;
				SWIFT_OPTIMIZATION_LEVEL = "-O";
				VALIDATE_PRODUCT = YES;
			};
			name = Release;
		};
		7C15776520D0B6BD00311B38 /* Debug */ = {
			isa = XCBuildConfiguration;
			baseConfigurationReference = D90B14B1B509EF63E831BE03 /* Pods-MaxRep.debug.xcconfig */;
			buildSettings = {
				ASSETCATALOG_COMPILER_APPICON_NAME = AppIcon;
				CODE_SIGN_STYLE = Automatic;
				DEVELOPMENT_TEAM = 33GWFDB497;
				INFOPLIST_FILE = MaxRep/Info.plist;
				LD_RUNPATH_SEARCH_PATHS = (
					"$(inherited)",
					"@executable_path/Frameworks",
				);
				PRODUCT_BUNDLE_IDENTIFIER = Siavash.MaxRep;
				PRODUCT_NAME = "$(TARGET_NAME)";
				SWIFT_VERSION = 4.0;
				TARGETED_DEVICE_FAMILY = "1,2";
			};
			name = Debug;
		};
		7C15776620D0B6BD00311B38 /* Release */ = {
			isa = XCBuildConfiguration;
			baseConfigurationReference = E827C8AA295297ACBCC45148 /* Pods-MaxRep.release.xcconfig */;
			buildSettings = {
				ASSETCATALOG_COMPILER_APPICON_NAME = AppIcon;
				CODE_SIGN_STYLE = Automatic;
				DEVELOPMENT_TEAM = 33GWFDB497;
				INFOPLIST_FILE = MaxRep/Info.plist;
				LD_RUNPATH_SEARCH_PATHS = (
					"$(inherited)",
					"@executable_path/Frameworks",
				);
				PRODUCT_BUNDLE_IDENTIFIER = Siavash.MaxRep;
				PRODUCT_NAME = "$(TARGET_NAME)";
				SWIFT_VERSION = 4.0;
				TARGETED_DEVICE_FAMILY = "1,2";
			};
			name = Release;
		};
/* End XCBuildConfiguration section */

/* Begin XCConfigurationList section */
		7C15774D20D0B6BA00311B38 /* Build configuration list for PBXProject "MaxRep" */ = {
			isa = XCConfigurationList;
			buildConfigurations = (
				7C15776220D0B6BD00311B38 /* Debug */,
				7C15776320D0B6BD00311B38 /* Release */,
			);
			defaultConfigurationIsVisible = 0;
			defaultConfigurationName = Release;
		};
		7C15776420D0B6BD00311B38 /* Build configuration list for PBXNativeTarget "MaxRep" */ = {
			isa = XCConfigurationList;
			buildConfigurations = (
				7C15776520D0B6BD00311B38 /* Debug */,
				7C15776620D0B6BD00311B38 /* Release */,
			);
			defaultConfigurationIsVisible = 0;
			defaultConfigurationName = Release;
		};
/* End XCConfigurationList section */
	};
	rootObject = 7C15774A20D0B6BA00311B38 /* Project object */;
}
